
Microsoft Visual Studio Solution File, Format Version 12.00
# Visual Studio Version 16
VisualStudioVersion = 16.0.30611.23
MinimumVisualStudioVersion = 10.0.40219.1
Project("{FAE04EC0-301F-11D3-BF4B-00C04F79EFBC}") = "HelloWorld", "HelloWorld.csproj", "{61983DB7-58BB-4C18-BB16-4ADB8E518A21}"
EndProject
Global
	GlobalSection(SolutionConfigurationPlatforms) = preSolution
		Debug|Any CPU = Debug|Any CPU
		Release|Any CPU = Release|Any CPU
	EndGlobalSection
	GlobalSection(ProjectConfigurationPlatforms) = postSolution
		{61983DB7-58BB-4C18-BB16-4ADB8E518A21}.Debug|Any CPU.ActiveCfg = Debug|Any CPU
		{61983DB7-58BB-4C18-BB16-4ADB8E518A21}.Debug|Any CPU.Build.0 = Debug|Any CPU
		{61983DB7-58BB-4C18-BB16-4ADB8E518A21}.Release|Any CPU.ActiveCfg = Release|Any CPU
		{61983DB7-58BB-4C18-BB16-4ADB8E518A21}.Release|Any CPU.Build.0 = Release|Any CPU
	EndGlobalSection
	GlobalSection(SolutionProperties) = preSolution
		HideSolutionNode = FALSE
	EndGlobalSection
	GlobalSection(ExtensibilityGlobals) = postSolution
		SolutionGuid = {D1147FDC-C48C-4AA9-AE44-6CE67DB0B029}
	EndGlobalSection
EndGlobal
